
Microsoft Visual Studio Solution File, Format Version 12.00
# Visual Studio Version 16
VisualStudioVersion = 16.0.29926.136
MinimumVisualStudioVersion = 10.0.40219.1
Project("{FAE04EC0-301F-11D3-BF4B-00C04F79EFBC}") = "TagCounter.Client", "TagCounter.Client\TagCounter.Client.csproj", "{2CEAAFD1-1455-4DC0-B80B-B8B735686D52}"
EndProject
Project("{FAE04EC0-301F-11D3-BF4B-00C04F79EFBC}") = "CreateUrls", "CreateUrls\CreateUrls.csproj", "{EF394A29-5D98-4A12-9266-FC3BB21C56C4}"
EndProject
Global
	GlobalSection(SolutionConfigurationPlatforms) = preSolution
		Debug|Any CPU = Debug|Any CPU
		Release|Any CPU = Release|Any CPU
	EndGlobalSection
	GlobalSection(ProjectConfigurationPlatforms) = postSolution
		{2CEAAFD1-1455-4DC0-B80B-B8B735686D52}.Debug|Any CPU.ActiveCfg = Debug|Any CPU
		{2CEAAFD1-1455-4DC0-B80B-B8B735686D52}.Debug|Any CPU.Build.0 = Debug|Any CPU
		{2CEAAFD1-1455-4DC0-B80B-B8B735686D52}.Release|Any CPU.ActiveCfg = Release|Any CPU
		{2CEAAFD1-1455-4DC0-B80B-B8B735686D52}.Release|Any CPU.Build.0 = Release|Any CPU
		{EF394A29-5D98-4A12-9266-FC3BB21C56C4}.Debug|Any CPU.ActiveCfg = Debug|Any CPU
		{EF394A29-5D98-4A12-9266-FC3BB21C56C4}.Debug|Any CPU.Build.0 = Debug|Any CPU
		{EF394A29-5D98-4A12-9266-FC3BB21C56C4}.Release|Any CPU.ActiveCfg = Release|Any CPU
		{EF394A29-5D98-4A12-9266-FC3BB21C56C4}.Release|Any CPU.Build.0 = Release|Any CPU
	EndGlobalSection
	GlobalSection(SolutionProperties) = preSolution
		HideSolutionNode = FALSE
	EndGlobalSection
	GlobalSection(ExtensibilityGlobals) = postSolution
		SolutionGuid = {7E2A8DA7-BF76-4D8C-B502-4ACDEF3A03C7}
	EndGlobalSection
EndGlobal
